
Microsoft Visual Studio Solution File, Format Version 12.00
# Visual Studio Version 17
VisualStudioVersion = 17.9.34714.143
MinimumVisualStudioVersion = 10.0.40219.1
Project("{FAE04EC0-301F-11D3-BF4B-00C04F79EFBC}") = "Proyecto__2_B", "Proyecto__2_B.csproj", "{11E1A8CF-06FB-4890-90C0-E87069CE3D48}"
EndProject
Global
	GlobalSection(SolutionConfigurationPlatforms) = preSolution
		Debug|Any CPU = Debug|Any CPU
		Release|Any CPU = Release|Any CPU
	EndGlobalSection
	GlobalSection(ProjectConfigurationPlatforms) = postSolution
		{11E1A8CF-06FB-4890-90C0-E87069CE3D48}.Debug|Any CPU.ActiveCfg = Debug|Any CPU
		{11E1A8CF-06FB-4890-90C0-E87069CE3D48}.Debug|Any CPU.Build.0 = Debug|Any CPU
		{11E1A8CF-06FB-4890-90C0-E87069CE3D48}.Release|Any CPU.ActiveCfg = Release|Any CPU
		{11E1A8CF-06FB-4890-90C0-E87069CE3D48}.Release|Any CPU.Build.0 = Release|Any CPU
	EndGlobalSection
	GlobalSection(SolutionProperties) = preSolution
		HideSolutionNode = FALSE
	EndGlobalSection
	GlobalSection(ExtensibilityGlobals) = postSolution
		SolutionGuid = {A0D7CEA5-8082-4BC7-99AE-3DDB75D3598F}
	EndGlobalSection
EndGlobal
